// !$*UTF8*$!
{
	archiveVersion = 1;
	classes = {
	};
	objectVersion = 48;
	objects = {

/* Begin PBXBuildFile section */
		86D3E2B36A9A834800043D27 /* Pods_busLocator.framework in Frameworks */ = {isa = PBXBuildFile; fileRef = 00277C9B0EF68892E23D13B2 /* Pods_busLocator.framework */; };
		8A4BAD03EC09C459A6C76B18 /* Pods_busLocatorUITests.framework in Frameworks */ = {isa = PBXBuildFile; fileRef = 6DB989A58015CDE98FA2FBBB /* Pods_busLocatorUITests.framework */; };
		C34A4B432069B52100B83029 /* AppDelegate.swift in Sources */ = {isa = PBXBuildFile; fileRef = C34A4B422069B52100B83029 /* AppDelegate.swift */; };
		C34A4B452069B52100B83029 /* ViewController.swift in Sources */ = {isa = PBXBuildFile; fileRef = C34A4B442069B52100B83029 /* ViewController.swift */; };
		C34A4B482069B52100B83029 /* Main.storyboard in Resources */ = {isa = PBXBuildFile; fileRef = C34A4B462069B52100B83029 /* Main.storyboard */; };
		C34A4B4A2069B52100B83029 /* Assets.xcassets in Resources */ = {isa = PBXBuildFile; fileRef = C34A4B492069B52100B83029 /* Assets.xcassets */; };
		C34A4B4D2069B52100B83029 /* LaunchScreen.storyboard in Resources */ = {isa = PBXBuildFile; fileRef = C34A4B4B2069B52100B83029 /* LaunchScreen.storyboard */; };
		C34A4B582069B52100B83029 /* busLocatorTests.swift in Sources */ = {isa = PBXBuildFile; fileRef = C34A4B572069B52100B83029 /* busLocatorTests.swift */; };
		C34A4B632069B52200B83029 /* busLocatorUITests.swift in Sources */ = {isa = PBXBuildFile; fileRef = C34A4B622069B52200B83029 /* busLocatorUITests.swift */; };
		C34A4B722069C1D000B83029 /* Bus.swift in Sources */ = {isa = PBXBuildFile; fileRef = C34A4B712069C1D000B83029 /* Bus.swift */; };
		C34A4B742069CF1300B83029 /* BusStopsViewController.swift in Sources */ = {isa = PBXBuildFile; fileRef = C34A4B732069CF1300B83029 /* BusStopsViewController.swift */; };
		C34A4B762069D9E100B83029 /* Stop.swift in Sources */ = {isa = PBXBuildFile; fileRef = C34A4B752069D9E100B83029 /* Stop.swift */; };
		CFA53979082A5F94EA82F3B6 /* Pods_busLocatorTests.framework in Frameworks */ = {isa = PBXBuildFile; fileRef = 7FC8B91742D5579526C1B87B /* Pods_busLocatorTests.framework */; };
/* End PBXBuildFile section */

/* Begin PBXContainerItemProxy section */
		C34A4B542069B52100B83029 /* PBXContainerItemProxy */ = {
			isa = PBXContainerItemProxy;
			containerPortal = C34A4B372069B52100B83029 /* Project object */;
			proxyType = 1;
			remoteGlobalIDString = C34A4B3E2069B52100B83029;
			remoteInfo = busLocator;
		};
		C34A4B5F2069B52100B83029 /* PBXContainerItemProxy */ = {
			isa = PBXContainerItemProxy;
			containerPortal = C34A4B372069B52100B83029 /* Project object */;
			proxyType = 1;
			remoteGlobalIDString = C34A4B3E2069B52100B83029;
			remoteInfo = busLocator;
		};
/* End PBXContainerItemProxy section */

/* Begin PBXFileReference section */
		00277C9B0EF68892E23D13B2 /* Pods_busLocator.framework */ = {isa = PBXFileReference; explicitFileType = wrapper.framework; includeInIndex = 0; path = Pods_busLocator.framework; sourceTree = BUILT_PRODUCTS_DIR; };
		188694F80A74B22CFFDDDD44 /* Pods-busLocator.debug.xcconfig */ = {isa = PBXFileReference; includeInIndex = 1; lastKnownFileType = text.xcconfig; name = "Pods-busLocator.debug.xcconfig"; path = "Pods/Target Support Files/Pods-busLocator/Pods-busLocator.debug.xcconfig"; sourceTree = "<group>"; };
		312F31F96870D756E06B87F2 /* Pods-busLocatorTests.release.xcconfig */ = {isa = PBXFileReference; includeInIndex = 1; lastKnownFileType = text.xcconfig; name = "Pods-busLocatorTests.release.xcconfig"; path = "Pods/Target Support Files/Pods-busLocatorTests/Pods-busLocatorTests.release.xcconfig"; sourceTree = "<group>"; };
		4E88A0D31D27EA3D028E2DD2 /* Pods-busLocatorUITests.release.xcconfig */ = {isa = PBXFileReference; includeInIndex = 1; lastKnownFileType = text.xcconfig; name = "Pods-busLocatorUITests.release.xcconfig"; path = "Pods/Target Support Files/Pods-busLocatorUITests/Pods-busLocatorUITests.release.xcconfig"; sourceTree = "<group>"; };
		51EAA86F66E2633650A645F8 /* Pods-busLocator.release.xcconfig */ = {isa = PBXFileReference; includeInIndex = 1; lastKnownFileType = text.xcconfig; name = "Pods-busLocator.release.xcconfig"; path = "Pods/Target Support Files/Pods-busLocator/Pods-busLocator.release.xcconfig"; sourceTree = "<group>"; };
		6DB989A58015CDE98FA2FBBB /* Pods_busLocatorUITests.framework */ = {isa = PBXFileReference; explicitFileType = wrapper.framework; includeInIndex = 0; path = Pods_busLocatorUITests.framework; sourceTree = BUILT_PRODUCTS_DIR; };
		7FC8B91742D5579526C1B87B /* Pods_busLocatorTests.framework */ = {isa = PBXFileReference; explicitFileType = wrapper.framework; includeInIndex = 0; path = Pods_busLocatorTests.framework; sourceTree = BUILT_PRODUCTS_DIR; };
		C34A4B3F2069B52100B83029 /* busLocator.app */ = {isa = PBXFileReference; explicitFileType = wrapper.application; includeInIndex = 0; path = busLocator.app; sourceTree = BUILT_PRODUCTS_DIR; };
		C34A4B422069B52100B83029 /* AppDelegate.swift */ = {isa = PBXFileReference; lastKnownFileType = sourcecode.swift; path = AppDelegate.swift; sourceTree = "<group>"; };
		C34A4B442069B52100B83029 /* ViewController.swift */ = {isa = PBXFileReference; lastKnownFileType = sourcecode.swift; path = ViewController.swift; sourceTree = "<group>"; };
		C34A4B472069B52100B83029 /* Base */ = {isa = PBXFileReference; lastKnownFileType = file.storyboard; name = Base; path = Base.lproj/Main.storyboard; sourceTree = "<group>"; };
		C34A4B492069B52100B83029 /* Assets.xcassets */ = {isa = PBXFileReference; lastKnownFileType = folder.assetcatalog; path = Assets.xcassets; sourceTree = "<group>"; };
		C34A4B4C2069B52100B83029 /* Base */ = {isa = PBXFileReference; lastKnownFileType = file.storyboard; name = Base; path = Base.lproj/LaunchScreen.storyboard; sourceTree = "<group>"; };
		C34A4B4E2069B52100B83029 /* Info.plist */ = {isa = PBXFileReference; lastKnownFileType = text.plist.xml; path = Info.plist; sourceTree = "<group>"; };
		C34A4B532069B52100B83029 /* busLocatorTests.xctest */ = {isa = PBXFileReference; explicitFileType = wrapper.cfbundle; includeInIndex = 0; path = busLocatorTests.xctest; sourceTree = BUILT_PRODUCTS_DIR; };
		C34A4B572069B52100B83029 /* busLocatorTests.swift */ = {isa = PBXFileReference; lastKnownFileType = sourcecode.swift; path = busLocatorTests.swift; sourceTree = "<group>"; };
		C34A4B592069B52100B83029 /* Info.plist */ = {isa = PBXFileReference; lastKnownFileType = text.plist.xml; path = Info.plist; sourceTree = "<group>"; };
		C34A4B5E2069B52100B83029 /* busLocatorUITests.xctest */ = {isa = PBXFileReference; explicitFileType = wrapper.cfbundle; includeInIndex = 0; path = busLocatorUITests.xctest; sourceTree = BUILT_PRODUCTS_DIR; };
		C34A4B622069B52200B83029 /* busLocatorUITests.swift */ = {isa = PBXFileReference; lastKnownFileType = sourcecode.swift; path = busLocatorUITests.swift; sourceTree = "<group>"; };
		C34A4B642069B52200B83029 /* Info.plist */ = {isa = PBXFileReference; lastKnownFileType = text.plist.xml; path = Info.plist; sourceTree = "<group>"; };
		C34A4B712069C1D000B83029 /* Bus.swift */ = {isa = PBXFileReference; lastKnownFileType = sourcecode.swift; path = Bus.swift; sourceTree = "<group>"; };
		C34A4B732069CF1300B83029 /* BusStopsViewController.swift */ = {isa = PBXFileReference; lastKnownFileType = sourcecode.swift; path = BusStopsViewController.swift; sourceTree = "<group>"; };
		C34A4B752069D9E100B83029 /* Stop.swift */ = {isa = PBXFileReference; lastKnownFileType = sourcecode.swift; path = Stop.swift; sourceTree = "<group>"; };
		C923C71D1E1A6C295FEA5A6B /* Pods-busLocatorUITests.debug.xcconfig */ = {isa = PBXFileReference; includeInIndex = 1; lastKnownFileType = text.xcconfig; name = "Pods-busLocatorUITests.debug.xcconfig"; path = "Pods/Target Support Files/Pods-busLocatorUITests/Pods-busLocatorUITests.debug.xcconfig"; sourceTree = "<group>"; };
		DB691387FCFF7C6201E54751 /* Pods-busLocatorTests.debug.xcconfig */ = {isa = PBXFileReference; includeInIndex = 1; lastKnownFileType = text.xcconfig; name = "Pods-busLocatorTests.debug.xcconfig"; path = "Pods/Target Support Files/Pods-busLocatorTests/Pods-busLocatorTests.debug.xcconfig"; sourceTree = "<group>"; };
/* End PBXFileReference section */

/* Begin PBXFrameworksBuildPhase section */
		C34A4B3C2069B52100B83029 /* Frameworks */ = {
			isa = PBXFrameworksBuildPhase;
			buildActionMask = 2147483647;
			files = (
				86D3E2B36A9A834800043D27 /* Pods_busLocator.framework in Frameworks */,
			);
			runOnlyForDeploymentPostprocessing = 0;
		};
		C34A4B502069B52100B83029 /* Frameworks */ = {
			isa = PBXFrameworksBuildPhase;
			buildActionMask = 2147483647;
			files = (
				CFA53979082A5F94EA82F3B6 /* Pods_busLocatorTests.framework in Frameworks */,
			);
			runOnlyForDeploymentPostprocessing = 0;
		};
		C34A4B5B2069B52100B83029 /* Frameworks */ = {
			isa = PBXFrameworksBuildPhase;
			buildActionMask = 2147483647;
			files = (
				8A4BAD03EC09C459A6C76B18 /* Pods_busLocatorUITests.framework in Frameworks */,
			);
			runOnlyForDeploymentPostprocessing = 0;
		};
/* End PBXFrameworksBuildPhase section */

/* Begin PBXGroup section */
		401D1B3F0589202C0DEC72AA /* Pods */ = {
			isa = PBXGroup;
			children = (
				188694F80A74B22CFFDDDD44 /* Pods-busLocator.debug.xcconfig */,
				51EAA86F66E2633650A645F8 /* Pods-busLocator.release.xcconfig */,
				DB691387FCFF7C6201E54751 /* Pods-busLocatorTests.debug.xcconfig */,
				312F31F96870D756E06B87F2 /* Pods-busLocatorTests.release.xcconfig */,
				C923C71D1E1A6C295FEA5A6B /* Pods-busLocatorUITests.debug.xcconfig */,
				4E88A0D31D27EA3D028E2DD2 /* Pods-busLocatorUITests.release.xcconfig */,
			);
			name = Pods;
			sourceTree = "<group>";
		};
		C34A4B362069B52100B83029 = {
			isa = PBXGroup;
			children = (
				C34A4B412069B52100B83029 /* busLocator */,
				C34A4B562069B52100B83029 /* busLocatorTests */,
				C34A4B612069B52200B83029 /* busLocatorUITests */,
				C34A4B402069B52100B83029 /* Products */,
				401D1B3F0589202C0DEC72AA /* Pods */,
				E871B7D4EBC04DF5C257EC67 /* Frameworks */,
			);
			sourceTree = "<group>";
		};
		C34A4B402069B52100B83029 /* Products */ = {
			isa = PBXGroup;
			children = (
				C34A4B3F2069B52100B83029 /* busLocator.app */,
				C34A4B532069B52100B83029 /* busLocatorTests.xctest */,
				C34A4B5E2069B52100B83029 /* busLocatorUITests.xctest */,
			);
			name = Products;
			sourceTree = "<group>";
		};
		C34A4B412069B52100B83029 /* busLocator */ = {
			isa = PBXGroup;
			children = (
				C34A4B702069C1A700B83029 /* Entities */,
				C34A4B422069B52100B83029 /* AppDelegate.swift */,
				C34A4B442069B52100B83029 /* ViewController.swift */,
				C34A4B732069CF1300B83029 /* BusStopsViewController.swift */,
				C34A4B462069B52100B83029 /* Main.storyboard */,
				C34A4B492069B52100B83029 /* Assets.xcassets */,
				C34A4B4B2069B52100B83029 /* LaunchScreen.storyboard */,
				C34A4B4E2069B52100B83029 /* Info.plist */,
			);
			path = busLocator;
			sourceTree = "<group>";
		};
		C34A4B562069B52100B83029 /* busLocatorTests */ = {
			isa = PBXGroup;
			children = (
				C34A4B572069B52100B83029 /* busLocatorTests.swift */,
				C34A4B592069B52100B83029 /* Info.plist */,
			);
			path = busLocatorTests;
			sourceTree = "<group>";
		};
		C34A4B612069B52200B83029 /* busLocatorUITests */ = {
			isa = PBXGroup;
			children = (
				C34A4B622069B52200B83029 /* busLocatorUITests.swift */,
				C34A4B642069B52200B83029 /* Info.plist */,
			);
			path = busLocatorUITests;
			sourceTree = "<group>";
		};
		C34A4B702069C1A700B83029 /* Entities */ = {
			isa = PBXGroup;
			children = (
				C34A4B712069C1D000B83029 /* Bus.swift */,
				C34A4B752069D9E100B83029 /* Stop.swift */,
			);
			path = Entities;
			sourceTree = "<group>";
		};
		E871B7D4EBC04DF5C257EC67 /* Frameworks */ = {
			isa = PBXGroup;
			children = (
				00277C9B0EF68892E23D13B2 /* Pods_busLocator.framework */,
				7FC8B91742D5579526C1B87B /* Pods_busLocatorTests.framework */,
				6DB989A58015CDE98FA2FBBB /* Pods_busLocatorUITests.framework */,
			);
			name = Frameworks;
			sourceTree = "<group>";
		};
/* End PBXGroup section */

/* Begin PBXNativeTarget section */
		C34A4B3E2069B52100B83029 /* busLocator */ = {
			isa = PBXNativeTarget;
			buildConfigurationList = C34A4B672069B52200B83029 /* Build configuration list for PBXNativeTarget "busLocator" */;
			buildPhases = (
				D55933C4C54EFA53A97140B2 /* [CP] Check Pods Manifest.lock */,
				C34A4B3B2069B52100B83029 /* Sources */,
				C34A4B3C2069B52100B83029 /* Frameworks */,
				C34A4B3D2069B52100B83029 /* Resources */,
				0E9151033EC20D261D2F5B03 /* [CP] Embed Pods Frameworks */,
				77F1C0B360492F8A5E26FDDC /* [CP] Copy Pods Resources */,
			);
			buildRules = (
			);
			dependencies = (
			);
			name = busLocator;
			productName = busLocator;
			productReference = C34A4B3F2069B52100B83029 /* busLocator.app */;
			productType = "com.apple.product-type.application";
		};
		C34A4B522069B52100B83029 /* busLocatorTests */ = {
			isa = PBXNativeTarget;
			buildConfigurationList = C34A4B6A2069B52200B83029 /* Build configuration list for PBXNativeTarget "busLocatorTests" */;
			buildPhases = (
				8A6933E7A148467DB98BF639 /* [CP] Check Pods Manifest.lock */,
				C34A4B4F2069B52100B83029 /* Sources */,
				C34A4B502069B52100B83029 /* Frameworks */,
				C34A4B512069B52100B83029 /* Resources */,
				400A8569A3E4B51864B01F23 /* [CP] Embed Pods Frameworks */,
				3C1D2EF7EB22A463A23B20DC /* [CP] Copy Pods Resources */,
			);
			buildRules = (
			);
			dependencies = (
				C34A4B552069B52100B83029 /* PBXTargetDependency */,
			);
			name = busLocatorTests;
			productName = busLocatorTests;
			productReference = C34A4B532069B52100B83029 /* busLocatorTests.xctest */;
			productType = "com.apple.product-type.bundle.unit-test";
		};
		C34A4B5D2069B52100B83029 /* busLocatorUITests */ = {
			isa = PBXNativeTarget;
			buildConfigurationList = C34A4B6D2069B52200B83029 /* Build configuration list for PBXNativeTarget "busLocatorUITests" */;
			buildPhases = (
				B183C31B2223FF813722D2C3 /* [CP] Check Pods Manifest.lock */,
				C34A4B5A2069B52100B83029 /* Sources */,
				C34A4B5B2069B52100B83029 /* Frameworks */,
				C34A4B5C2069B52100B83029 /* Resources */,
				BCDD7AA5861AD9F42EDB4666 /* [CP] Embed Pods Frameworks */,
				02D7B720988A61532C7F90BE /* [CP] Copy Pods Resources */,
			);
			buildRules = (
			);
			dependencies = (
				C34A4B602069B52100B83029 /* PBXTargetDependency */,
			);
			name = busLocatorUITests;
			productName = busLocatorUITests;
			productReference = C34A4B5E2069B52100B83029 /* busLocatorUITests.xctest */;
			productType = "com.apple.product-type.bundle.ui-testing";
		};
/* End PBXNativeTarget section */

/* Begin PBXProject section */
		C34A4B372069B52100B83029 /* Project object */ = {
			isa = PBXProject;
			attributes = {
				LastSwiftUpdateCheck = 0910;
				LastUpgradeCheck = 0910;
				ORGANIZATIONNAME = isis3510;
				TargetAttributes = {
					C34A4B3E2069B52100B83029 = {
						CreatedOnToolsVersion = 9.1;
						ProvisioningStyle = Automatic;
					};
					C34A4B522069B52100B83029 = {
						CreatedOnToolsVersion = 9.1;
						ProvisioningStyle = Automatic;
						TestTargetID = C34A4B3E2069B52100B83029;
					};
					C34A4B5D2069B52100B83029 = {
						CreatedOnToolsVersion = 9.1;
						ProvisioningStyle = Automatic;
						TestTargetID = C34A4B3E2069B52100B83029;
					};
				};
			};
			buildConfigurationList = C34A4B3A2069B52100B83029 /* Build configuration list for PBXProject "busLocator" */;
			compatibilityVersion = "Xcode 8.0";
			developmentRegion = en;
			hasScannedForEncodings = 0;
			knownRegions = (
				en,
				Base,
			);
			mainGroup = C34A4B362069B52100B83029;
			productRefGroup = C34A4B402069B52100B83029 /* Products */;
			projectDirPath = "";
			projectRoot = "";
			targets = (
				C34A4B3E2069B52100B83029 /* busLocator */,
				C34A4B522069B52100B83029 /* busLocatorTests */,
				C34A4B5D2069B52100B83029 /* busLocatorUITests */,
			);
		};
/* End PBXProject section */

/* Begin PBXResourcesBuildPhase section */
		C34A4B3D2069B52100B83029 /* Resources */ = {
			isa = PBXResourcesBuildPhase;
			buildActionMask = 2147483647;
			files = (
				C34A4B4D2069B52100B83029 /* LaunchScreen.storyboard in Resources */,
				C34A4B4A2069B52100B83029 /* Assets.xcassets in Resources */,
				C34A4B482069B52100B83029 /* Main.storyboard in Resources */,
			);
			runOnlyForDeploymentPostprocessing = 0;
		};
		C34A4B512069B52100B83029 /* Resources */ = {
			isa = PBXResourcesBuildPhase;
			buildActionMask = 2147483647;
			files = (
			);
			runOnlyForDeploymentPostprocessing = 0;
		};
		C34A4B5C2069B52100B83029 /* Resources */ = {
			isa = PBXResourcesBuildPhase;
			buildActionMask = 2147483647;
			files = (
			);
			runOnlyForDeploymentPostprocessing = 0;
		};
/* End PBXResourcesBuildPhase section */

/* Begin PBXShellScriptBuildPhase section */
		02D7B720988A61532C7F90BE /* [CP] Copy Pods Resources */ = {
			isa = PBXShellScriptBuildPhase;
			buildActionMask = 2147483647;
			files = (
			);
			inputPaths = (
			);
			name = "[CP] Copy Pods Resources";
			outputPaths = (
			);
			runOnlyForDeploymentPostprocessing = 0;
			shellPath = /bin/sh;
			shellScript = "\"${SRCROOT}/Pods/Target Support Files/Pods-busLocatorUITests/Pods-busLocatorUITests-resources.sh\"\n";
			showEnvVarsInLog = 0;
		};
		0E9151033EC20D261D2F5B03 /* [CP] Embed Pods Frameworks */ = {
			isa = PBXShellScriptBuildPhase;
			buildActionMask = 2147483647;
			files = (
			);
			inputPaths = (
				"${SRCROOT}/Pods/Target Support Files/Pods-busLocator/Pods-busLocator-frameworks.sh",
				"${BUILT_PRODUCTS_DIR}/AFNetworking/AFNetworking.framework",
				"${BUILT_PRODUCTS_DIR}/Alamofire/Alamofire.framework",
			);
			name = "[CP] Embed Pods Frameworks";
			outputPaths = (
				"${TARGET_BUILD_DIR}/${FRAMEWORKS_FOLDER_PATH}/AFNetworking.framework",
				"${TARGET_BUILD_DIR}/${FRAMEWORKS_FOLDER_PATH}/Alamofire.framework",
			);
			runOnlyForDeploymentPostprocessing = 0;
			shellPath = /bin/sh;
			shellScript = "\"${SRCROOT}/Pods/Target Support Files/Pods-busLocator/Pods-busLocator-frameworks.sh\"\n";
			showEnvVarsInLog = 0;
		};
		3C1D2EF7EB22A463A23B20DC /* [CP] Copy Pods Resources */ = {
			isa = PBXShellScriptBuildPhase;
			buildActionMask = 2147483647;
			files = (
			);
			inputPaths = (
			);
			name = "[CP] Copy Pods Resources";
			outputPaths = (
			);
			runOnlyForDeploymentPostprocessing = 0;
			shellPath = /bin/sh;
			shellScript = "\"${SRCROOT}/Pods/Target Support Files/Pods-busLocatorTests/Pods-busLocatorTests-resources.sh\"\n";
			showEnvVarsInLog = 0;
		};
		400A8569A3E4B51864B01F23 /* [CP] Embed Pods Frameworks */ = {
			isa = PBXShellScriptBuildPhase;
			buildActionMask = 2147483647;
			files = (
			);
			inputPaths = (
			);
			name = "[CP] Embed Pods Frameworks";
			outputPaths = (
			);
			runOnlyForDeploymentPostprocessing = 0;
			shellPath = /bin/sh;
			shellScript = "\"${SRCROOT}/Pods/Target Support Files/Pods-busLocatorTests/Pods-busLocatorTests-frameworks.sh\"\n";
			showEnvVarsInLog = 0;
		};
		77F1C0B360492F8A5E26FDDC /* [CP] Copy Pods Resources */ = {
			isa = PBXShellScriptBuildPhase;
			buildActionMask = 2147483647;
			files = (
			);
			inputPaths = (
				"${SRCROOT}/Pods/Target Support Files/Pods-busLocator/Pods-busLocator-resources.sh",
				"${PODS_ROOT}/GoogleMaps/Maps/Frameworks/GoogleMaps.framework/Resources/GoogleMaps.bundle",
			);
			name = "[CP] Copy Pods Resources";
			outputPaths = (
				"${TARGET_BUILD_DIR}/${UNLOCALIZED_RESOURCES_FOLDER_PATH}",
			);
			runOnlyForDeploymentPostprocessing = 0;
			shellPath = /bin/sh;
			shellScript = "\"${SRCROOT}/Pods/Target Support Files/Pods-busLocator/Pods-busLocator-resources.sh\"\n";
			showEnvVarsInLog = 0;
		};
		8A6933E7A148467DB98BF639 /* [CP] Check Pods Manifest.lock */ = {
			isa = PBXShellScriptBuildPhase;
			buildActionMask = 2147483647;
			files = (
			);
			inputPaths = (
				"${PODS_PODFILE_DIR_PATH}/Podfile.lock",
				"${PODS_ROOT}/Manifest.lock",
			);
			name = "[CP] Check Pods Manifest.lock";
			outputPaths = (
				"$(DERIVED_FILE_DIR)/Pods-busLocatorTests-checkManifestLockResult.txt",
			);
			runOnlyForDeploymentPostprocessing = 0;
			shellPath = /bin/sh;
			shellScript = "diff \"${PODS_PODFILE_DIR_PATH}/Podfile.lock\" \"${PODS_ROOT}/Manifest.lock\" > /dev/null\nif [ $? != 0 ] ; then\n    # print error to STDERR\n    echo \"error: The sandbox is not in sync with the Podfile.lock. Run 'pod install' or update your CocoaPods installation.\" >&2\n    exit 1\nfi\n# This output is used by Xcode 'outputs' to avoid re-running this script phase.\necho \"SUCCESS\" > \"${SCRIPT_OUTPUT_FILE_0}\"\n";
			showEnvVarsInLog = 0;
		};
		B183C31B2223FF813722D2C3 /* [CP] Check Pods Manifest.lock */ = {
			isa = PBXShellScriptBuildPhase;
			buildActionMask = 2147483647;
			files = (
			);
			inputPaths = (
				"${PODS_PODFILE_DIR_PATH}/Podfile.lock",
				"${PODS_ROOT}/Manifest.lock",
			);
			name = "[CP] Check Pods Manifest.lock";
			outputPaths = (
				"$(DERIVED_FILE_DIR)/Pods-busLocatorUITests-checkManifestLockResult.txt",
			);
			runOnlyForDeploymentPostprocessing = 0;
			shellPath = /bin/sh;
			shellScript = "diff \"${PODS_PODFILE_DIR_PATH}/Podfile.lock\" \"${PODS_ROOT}/Manifest.lock\" > /dev/null\nif [ $? != 0 ] ; then\n    # print error to STDERR\n    echo \"error: The sandbox is not in sync with the Podfile.lock. Run 'pod install' or update your CocoaPods installation.\" >&2\n    exit 1\nfi\n# This output is used by Xcode 'outputs' to avoid re-running this script phase.\necho \"SUCCESS\" > \"${SCRIPT_OUTPUT_FILE_0}\"\n";
			showEnvVarsInLog = 0;
		};
		BCDD7AA5861AD9F42EDB4666 /* [CP] Embed Pods Frameworks */ = {
			isa = PBXShellScriptBuildPhase;
			buildActionMask = 2147483647;
			files = (
			);
			inputPaths = (
			);
			name = "[CP] Embed Pods Frameworks";
			outputPaths = (
			);
			runOnlyForDeploymentPostprocessing = 0;
			shellPath = /bin/sh;
			shellScript = "\"${SRCROOT}/Pods/Target Support Files/Pods-busLocatorUITests/Pods-busLocatorUITests-frameworks.sh\"\n";
			showEnvVarsInLog = 0;
		};
		D55933C4C54EFA53A97140B2 /* [CP] Check Pods Manifest.lock */ = {
			isa = PBXShellScriptBuildPhase;
			buildActionMask = 2147483647;
			files = (
			);
			inputPaths = (
				"${PODS_PODFILE_DIR_PATH}/Podfile.lock",
				"${PODS_ROOT}/Manifest.lock",
			);
			name = "[CP] Check Pods Manifest.lock";
			outputPaths = (
				"$(DERIVED_FILE_DIR)/Pods-busLocator-checkManifestLockResult.txt",
			);
			runOnlyForDeploymentPostprocessing = 0;
			shellPath = /bin/sh;
			shellScript = "diff \"${PODS_PODFILE_DIR_PATH}/Podfile.lock\" \"${PODS_ROOT}/Manifest.lock\" > /dev/null\nif [ $? != 0 ] ; then\n    # print error to STDERR\n    echo \"error: The sandbox is not in sync with the Podfile.lock. Run 'pod install' or update your CocoaPods installation.\" >&2\n    exit 1\nfi\n# This output is used by Xcode 'outputs' to avoid re-running this script phase.\necho \"SUCCESS\" > \"${SCRIPT_OUTPUT_FILE_0}\"\n";
			showEnvVarsInLog = 0;
		};
/* End PBXShellScriptBuildPhase section */

/* Begin PBXSourcesBuildPhase section */
		C34A4B3B2069B52100B83029 /* Sources */ = {
			isa = PBXSourcesBuildPhase;
			buildActionMask = 2147483647;
			files = (
				C34A4B722069C1D000B83029 /* Bus.swift in Sources */,
				C34A4B742069CF1300B83029 /* BusStopsViewController.swift in Sources */,
				C34A4B762069D9E100B83029 /* Stop.swift in Sources */,
				C34A4B452069B52100B83029 /* ViewController.swift in Sources */,
				C34A4B432069B52100B83029 /* AppDelegate.swift in Sources */,
			);
			runOnlyForDeploymentPostprocessing = 0;
		};
		C34A4B4F2069B52100B83029 /* Sources */ = {
			isa = PBXSourcesBuildPhase;
			buildActionMask = 2147483647;
			files = (
				C34A4B582069B52100B83029 /* busLocatorTests.swift in Sources */,
			);
			runOnlyForDeploymentPostprocessing = 0;
		};
		C34A4B5A2069B52100B83029 /* Sources */ = {
			isa = PBXSourcesBuildPhase;
			buildActionMask = 2147483647;
			files = (
				C34A4B632069B52200B83029 /* busLocatorUITests.swift in Sources */,
			);
			runOnlyForDeploymentPostprocessing = 0;
		};
/* End PBXSourcesBuildPhase section */

/* Begin PBXTargetDependency section */
		C34A4B552069B52100B83029 /* PBXTargetDependency */ = {
			isa = PBXTargetDependency;
			target = C34A4B3E2069B52100B83029 /* busLocator */;
			targetProxy = C34A4B542069B52100B83029 /* PBXContainerItemProxy */;
		};
		C34A4B602069B52100B83029 /* PBXTargetDependency */ = {
			isa = PBXTargetDependency;
			target = C34A4B3E2069B52100B83029 /* busLocator */;
			targetProxy = C34A4B5F2069B52100B83029 /* PBXContainerItemProxy */;
		};
/* End PBXTargetDependency section */

/* Begin PBXVariantGroup section */
		C34A4B462069B52100B83029 /* Main.storyboard */ = {
			isa = PBXVariantGroup;
			children = (
				C34A4B472069B52100B83029 /* Base */,
			);
			name = Main.storyboard;
			sourceTree = "<group>";
		};
		C34A4B4B2069B52100B83029 /* LaunchScreen.storyboard */ = {
			isa = PBXVariantGroup;
			children = (
				C34A4B4C2069B52100B83029 /* Base */,
			);
			name = LaunchScreen.storyboard;
			sourceTree = "<group>";
		};
/* End PBXVariantGroup section */

/* Begin XCBuildConfiguration section */
		C34A4B652069B52200B83029 /* Debug */ = {
			isa = XCBuildConfiguration;
			buildSettings = {
				ALWAYS_SEARCH_USER_PATHS = NO;
				CLANG_ANALYZER_NONNULL = YES;
				CLANG_ANALYZER_NUMBER_OBJECT_CONVERSION = YES_AGGRESSIVE;
				CLANG_CXX_LANGUAGE_STANDARD = "gnu++14";
				CLANG_CXX_LIBRARY = "libc++";
				CLANG_ENABLE_MODULES = YES;
				CLANG_ENABLE_OBJC_ARC = YES;
				CLANG_WARN_BLOCK_CAPTURE_AUTORELEASING = YES;
				CLANG_WARN_BOOL_CONVERSION = YES;
				CLANG_WARN_COMMA = YES;
				CLANG_WARN_CONSTANT_CONVERSION = YES;
				CLANG_WARN_DIRECT_OBJC_ISA_USAGE = YES_ERROR;
				CLANG_WARN_DOCUMENTATION_COMMENTS = YES;
				CLANG_WARN_EMPTY_BODY = YES;
				CLANG_WARN_ENUM_CONVERSION = YES;
				CLANG_WARN_INFINITE_RECURSION = YES;
				CLANG_WARN_INT_CONVERSION = YES;
				CLANG_WARN_NON_LITERAL_NULL_CONVERSION = YES;
				CLANG_WARN_OBJC_LITERAL_CONVERSION = YES;
				CLANG_WARN_OBJC_ROOT_CLASS = YES_ERROR;
				CLANG_WARN_RANGE_LOOP_ANALYSIS = YES;
				CLANG_WARN_STRICT_PROTOTYPES = YES;
				CLANG_WARN_SUSPICIOUS_MOVE = YES;
				CLANG_WARN_UNGUARDED_AVAILABILITY = YES_AGGRESSIVE;
				CLANG_WARN_UNREACHABLE_CODE = YES;
				CLANG_WARN__DUPLICATE_METHOD_MATCH = YES;
				CODE_SIGN_IDENTITY = "iPhone Developer";
				COPY_PHASE_STRIP = NO;
				DEBUG_INFORMATION_FORMAT = dwarf;
				ENABLE_STRICT_OBJC_MSGSEND = YES;
				ENABLE_TESTABILITY = YES;
				GCC_C_LANGUAGE_STANDARD = gnu11;
				GCC_DYNAMIC_NO_PIC = NO;
				GCC_NO_COMMON_BLOCKS = YES;
				GCC_OPTIMIZATION_LEVEL = 0;
				GCC_PREPROCESSOR_DEFINITIONS = (
					"DEBUG=1",
					"$(inherited)",
				);
				GCC_WARN_64_TO_32_BIT_CONVERSION = YES;
				GCC_WARN_ABOUT_RETURN_TYPE = YES_ERROR;
				GCC_WARN_UNDECLARED_SELECTOR = YES;
				GCC_WARN_UNINITIALIZED_AUTOS = YES_AGGRESSIVE;
				GCC_WARN_UNUSED_FUNCTION = YES;
				GCC_WARN_UNUSED_VARIABLE = YES;
				IPHONEOS_DEPLOYMENT_TARGET = 11.1;
				MTL_ENABLE_DEBUG_INFO = YES;
				ONLY_ACTIVE_ARCH = YES;
				SDKROOT = iphoneos;
				SWIFT_ACTIVE_COMPILATION_CONDITIONS = DEBUG;
				SWIFT_OPTIMIZATION_LEVEL = "-Onone";
			};
			name = Debug;
		};
		C34A4B662069B52200B83029 /* Release */ = {
			isa = XCBuildConfiguration;
			buildSettings = {
				ALWAYS_SEARCH_USER_PATHS = NO;
				CLANG_ANALYZER_NONNULL = YES;
				CLANG_ANALYZER_NUMBER_OBJECT_CONVERSION = YES_AGGRESSIVE;
				CLANG_CXX_LANGUAGE_STANDARD = "gnu++14";
				CLANG_CXX_LIBRARY = "libc++";
				CLANG_ENABLE_MODULES = YES;
				CLANG_ENABLE_OBJC_ARC = YES;
				CLANG_WARN_BLOCK_CAPTURE_AUTORELEASING = YES;
				CLANG_WARN_BOOL_CONVERSION = YES;
				CLANG_WARN_COMMA = YES;
				CLANG_WARN_CONSTANT_CONVERSION = YES;
				CLANG_WARN_DIRECT_OBJC_ISA_USAGE = YES_ERROR;
				CLANG_WARN_DOCUMENTATION_COMMENTS = YES;
				CLANG_WARN_EMPTY_BODY = YES;
				CLANG_WARN_ENUM_CONVERSION = YES;
				CLANG_WARN_INFINITE_RECURSION = YES;
				CLANG_WARN_INT_CONVERSION = YES;
				CLANG_WARN_NON_LITERAL_NULL_CONVERSION = YES;
				CLANG_WARN_OBJC_LITERAL_CONVERSION = YES;
				CLANG_WARN_OBJC_ROOT_CLASS = YES_ERROR;
				CLANG_WARN_RANGE_LOOP_ANALYSIS = YES;
				CLANG_WARN_STRICT_PROTOTYPES = YES;
				CLANG_WARN_SUSPICIOUS_MOVE = YES;
				CLANG_WARN_UNGUARDED_AVAILABILITY = YES_AGGRESSIVE;
				CLANG_WARN_UNREACHABLE_CODE = YES;
				CLANG_WARN__DUPLICATE_METHOD_MATCH = YES;
				CODE_SIGN_IDENTITY = "iPhone Developer";
				COPY_PHASE_STRIP = NO;
				DEBUG_INFORMATION_FORMAT = "dwarf-with-dsym";
				ENABLE_NS_ASSERTIONS = NO;
				ENABLE_STRICT_OBJC_MSGSEND = YES;
				GCC_C_LANGUAGE_STANDARD = gnu11;
				GCC_NO_COMMON_BLOCKS = YES;
				GCC_WARN_64_TO_32_BIT_CONVERSION = YES;
				GCC_WARN_ABOUT_RETURN_TYPE = YES_ERROR;
				GCC_WARN_UNDECLARED_SELECTOR = YES;
				GCC_WARN_UNINITIALIZED_AUTOS = YES_AGGRESSIVE;
				GCC_WARN_UNUSED_FUNCTION = YES;
				GCC_WARN_UNUSED_VARIABLE = YES;
				IPHONEOS_DEPLOYMENT_TARGET = 11.1;
				MTL_ENABLE_DEBUG_INFO = NO;
				SDKROOT = iphoneos;
				SWIFT_OPTIMIZATION_LEVEL = "-Owholemodule";
				VALIDATE_PRODUCT = YES;
			};
			name = Release;
		};
		C34A4B682069B52200B83029 /* Debug */ = {
			isa = XCBuildConfiguration;
			baseConfigurationReference = 188694F80A74B22CFFDDDD44 /* Pods-busLocator.debug.xcconfig */;
			buildSettings = {
				ASSETCATALOG_COMPILER_APPICON_NAME = AppIcon;
				CODE_SIGN_STYLE = Automatic;
				DEVELOPMENT_TEAM = 47EDQRP5C9;
				INFOPLIST_FILE = busLocator/Info.plist;
				LD_RUNPATH_SEARCH_PATHS = "$(inherited) @executable_path/Frameworks";
				PRODUCT_BUNDLE_IDENTIFIER = com.isis3510.busLocator;
				PRODUCT_NAME = "$(TARGET_NAME)";
				SWIFT_VERSION = 4.0;
				TARGETED_DEVICE_FAMILY = "1,2";
			};
			name = Debug;
		};
		C34A4B692069B52200B83029 /* Release */ = {
			isa = XCBuildConfiguration;
			baseConfigurationReference = 51EAA86F66E2633650A645F8 /* Pods-busLocator.release.xcconfig */;
			buildSettings = {
				ASSETCATALOG_COMPILER_APPICON_NAME = AppIcon;
				CODE_SIGN_STYLE = Automatic;
				DEVELOPMENT_TEAM = 47EDQRP5C9;
				INFOPLIST_FILE = busLocator/Info.plist;
				LD_RUNPATH_SEARCH_PATHS = "$(inherited) @executable_path/Frameworks";
				PRODUCT_BUNDLE_IDENTIFIER = com.isis3510.busLocator;
				PRODUCT_NAME = "$(TARGET_NAME)";
				SWIFT_VERSION = 4.0;
				TARGETED_DEVICE_FAMILY = "1,2";
			};
			name = Release;
		};
		C34A4B6B2069B52200B83029 /* Debug */ = {
			isa = XCBuildConfiguration;
			baseConfigurationReference = DB691387FCFF7C6201E54751 /* Pods-busLocatorTests.debug.xcconfig */;
			buildSettings = {
				ALWAYS_EMBED_SWIFT_STANDARD_LIBRARIES = YES;
				BUNDLE_LOADER = "$(TEST_HOST)";
				CODE_SIGN_STYLE = Automatic;
				DEVELOPMENT_TEAM = 47EDQRP5C9;
				INFOPLIST_FILE = busLocatorTests/Info.plist;
				LD_RUNPATH_SEARCH_PATHS = "$(inherited) @executable_path/Frameworks @loader_path/Frameworks";
				PRODUCT_BUNDLE_IDENTIFIER = com.isis3510.busLocatorTests;
				PRODUCT_NAME = "$(TARGET_NAME)";
				SWIFT_VERSION = 4.0;
				TARGETED_DEVICE_FAMILY = "1,2";
				TEST_HOST = "$(BUILT_PRODUCTS_DIR)/busLocator.app/busLocator";
			};
			name = Debug;
		};
		C34A4B6C2069B52200B83029 /* Release */ = {
			isa = XCBuildConfiguration;
			baseConfigurationReference = 312F31F96870D756E06B87F2 /* Pods-busLocatorTests.release.xcconfig */;
			buildSettings = {
				ALWAYS_EMBED_SWIFT_STANDARD_LIBRARIES = YES;
				BUNDLE_LOADER = "$(TEST_HOST)";
				CODE_SIGN_STYLE = Automatic;
				DEVELOPMENT_TEAM = 47EDQRP5C9;
				INFOPLIST_FILE = busLocatorTests/Info.plist;
				LD_RUNPATH_SEARCH_PATHS = "$(inherited) @executable_path/Frameworks @loader_path/Frameworks";
				PRODUCT_BUNDLE_IDENTIFIER = com.isis3510.busLocatorTests;
				PRODUCT_NAME = "$(TARGET_NAME)";
				SWIFT_VERSION = 4.0;
				TARGETED_DEVICE_FAMILY = "1,2";
				TEST_HOST = "$(BUILT_PRODUCTS_DIR)/busLocator.app/busLocator";
			};
			name = Release;
		};
		C34A4B6E2069B52200B83029 /* Debug */ = {
			isa = XCBuildConfiguration;
			baseConfigurationReference = C923C71D1E1A6C295FEA5A6B /* Pods-busLocatorUITests.debug.xcconfig */;
			buildSettings = {
				ALWAYS_EMBED_SWIFT_STANDARD_LIBRARIES = YES;
				CODE_SIGN_STYLE = Automatic;
				DEVELOPMENT_TEAM = 47EDQRP5C9;
				INFOPLIST_FILE = busLocatorUITests/Info.plist;
				LD_RUNPATH_SEARCH_PATHS = "$(inherited) @executable_path/Frameworks @loader_path/Frameworks";
				PRODUCT_BUNDLE_IDENTIFIER = com.isis3510.busLocatorUITests;
				PRODUCT_NAME = "$(TARGET_NAME)";
				SWIFT_VERSION = 4.0;
				TARGETED_DEVICE_FAMILY = "1,2";
				TEST_TARGET_NAME = busLocator;
			};
			name = Debug;
		};
		C34A4B6F2069B52200B83029 /* Release */ = {
			isa = XCBuildConfiguration;
			baseConfigurationReference = 4E88A0D31D27EA3D028E2DD2 /* Pods-busLocatorUITests.release.xcconfig */;
			buildSettings = {
				ALWAYS_EMBED_SWIFT_STANDARD_LIBRARIES = YES;
				CODE_SIGN_STYLE = Automatic;
				DEVELOPMENT_TEAM = 47EDQRP5C9;
				INFOPLIST_FILE = busLocatorUITests/Info.plist;
				LD_RUNPATH_SEARCH_PATHS = "$(inherited) @executable_path/Frameworks @loader_path/Frameworks";
				PRODUCT_BUNDLE_IDENTIFIER = com.isis3510.busLocatorUITests;
				PRODUCT_NAME = "$(TARGET_NAME)";
				SWIFT_VERSION = 4.0;
				TARGETED_DEVICE_FAMILY = "1,2";
				TEST_TARGET_NAME = busLocator;
			};
			name = Release;
		};
/* End XCBuildConfiguration section */

/* Begin XCConfigurationList section */
		C34A4B3A2069B52100B83029 /* Build configuration list for PBXProject "busLocator" */ = {
			isa = XCConfigurationList;
			buildConfigurations = (
				C34A4B652069B52200B83029 /* Debug */,
				C34A4B662069B52200B83029 /* Release */,
			);
			defaultConfigurationIsVisible = 0;
			defaultConfigurationName = Release;
		};
		C34A4B672069B52200B83029 /* Build configuration list for PBXNativeTarget "busLocator" */ = {
			isa = XCConfigurationList;
			buildConfigurations = (
				C34A4B682069B52200B83029 /* Debug */,
				C34A4B692069B52200B83029 /* Release */,
			);
			defaultConfigurationIsVisible = 0;
			defaultConfigurationName = Release;
		};
		C34A4B6A2069B52200B83029 /* Build configuration list for PBXNativeTarget "busLocatorTests" */ = {
			isa = XCConfigurationList;
			buildConfigurations = (
				C34A4B6B2069B52200B83029 /* Debug */,
				C34A4B6C2069B52200B83029 /* Release */,
			);
			defaultConfigurationIsVisible = 0;
			defaultConfigurationName = Release;
		};
		C34A4B6D2069B52200B83029 /* Build configuration list for PBXNativeTarget "busLocatorUITests" */ = {
			isa = XCConfigurationList;
			buildConfigurations = (
				C34A4B6E2069B52200B83029 /* Debug */,
				C34A4B6F2069B52200B83029 /* Release */,
			);
			defaultConfigurationIsVisible = 0;
			defaultConfigurationName = Release;
		};
/* End XCConfigurationList section */
	};
	rootObject = C34A4B372069B52100B83029 /* Project object */;
}
